# THIS IS AN AUTOGENERATED FILE. DO NOT EDIT THIS FILE DIRECTLY.
# yarn lockfile v1


"@ant-design/colors@^7.0.0", "@ant-design/colors@^7.0.2":
  version "7.0.2"
  resolved "https://registry.yarnpkg.com/@ant-design/colors/-/colors-7.0.2.tgz#c5c753a467ce8d86ba7ca4736d2c01f599bb5492"
  integrity sha512-7KJkhTiPiLHSu+LmMJnehfJ6242OCxSlR3xHVBecYxnMW8MS/878NXct1GqYARyL59fyeFdKRxXTfvR9SnDgJg==
  dependencies:
    "@ctrl/tinycolor" "^3.6.1"

"@ant-design/cssinjs@^1.19.1":
  version "1.20.0"
  resolved "https://registry.yarnpkg.com/@ant-design/cssinjs/-/cssinjs-1.20.0.tgz#878bc6c5b08f73db76da54c347a7ebb3fa4858bb"
  integrity sha512-uG3iWzJxgNkADdZmc6W0Ci3iQAUOvLMcM8SnnmWq3r6JeocACft4ChnY/YWvI2Y+rG/68QBla/O+udke1yH3vg==
  dependencies:
    "@babel/runtime" "^7.11.1"
    "@emotion/hash" "^0.8.0"
    "@emotion/unitless" "^0.7.5"
    classnames "^2.3.1"
    csstype "^3.1.3"
    rc-util "^5.35.0"
    stylis "^4.0.13"

"@ant-design/icons-svg@^4.4.0":
  version "4.4.2"
  resolved "https://registry.yarnpkg.com/@ant-design/icons-svg/-/icons-svg-4.4.2.tgz#ed2be7fb4d82ac7e1d45a54a5b06d6cecf8be6f6"
  integrity sha512-vHbT+zJEVzllwP+CM+ul7reTEfBR0vgxFe7+lREAsAA7YGsYpboiq2sQNeQeRvh09GfQgs/GyFEvZpJ9cLXpXA==

"@ant-design/icons@^5.3.7":
  version "5.3.7"
  resolved "https://registry.yarnpkg.com/@ant-design/icons/-/icons-5.3.7.tgz#d9f3654bf7934ee5faba43f91b5a187f5309ec68"
  integrity sha512-bCPXTAg66f5bdccM4TT21SQBDO1Ek2gho9h3nO9DAKXJP4sq+5VBjrQMSxMVXSB3HyEz+cUbHQ5+6ogxCOpaew==
  dependencies:
    "@ant-design/colors" "^7.0.0"
    "@ant-design/icons-svg" "^4.4.0"
    "@babel/runtime" "^7.11.2"
    classnames "^2.2.6"
    rc-util "^5.31.1"

"@ant-design/react-slick@~1.1.2":
  version "1.1.2"
  resolved "https://registry.yarnpkg.com/@ant-design/react-slick/-/react-slick-1.1.2.tgz#f84ce3e4d0dc941f02b16f1d1d6d7a371ffbb4f1"
  integrity sha512-EzlvzE6xQUBrZuuhSAFTdsr4P2bBBHGZwKFemEfq8gIGyIQCxalYfZW/T2ORbtQx5rU69o+WycP3exY/7T1hGA==
  dependencies:
    "@babel/runtime" "^7.10.4"
    classnames "^2.2.5"
    json2mq "^0.2.0"
    resize-observer-polyfill "^1.5.1"
    throttle-debounce "^5.0.0"

"@babel/runtime@^7.10.1", "@babel/runtime@^7.10.4", "@babel/runtime@^7.11.1", "@babel/runtime@^7.11.2", "@babel/runtime@^7.12.5", "@babel/runtime@^7.16.7", "@babel/runtime@^7.18.0", "@babel/runtime@^7.18.3", "@babel/runtime@^7.20.0", "@babel/runtime@^7.20.7", "@babel/runtime@^7.21.0", "@babel/runtime@^7.22.5", "@babel/runtime@^7.23.2", "@babel/runtime@^7.23.6", "@babel/runtime@^7.23.9", "@babel/runtime@^7.24.4", "@babel/runtime@^7.24.5":
  version "7.24.5"
  resolved "https://registry.yarnpkg.com/@babel/runtime/-/runtime-7.24.5.tgz#230946857c053a36ccc66e1dd03b17dd0c4ed02c"
  integrity sha512-Nms86NXrsaeU9vbBJKni6gXiEXZ4CVpYVzEjDH9Sb8vmZ3UljyA1GSOJl/6LGPO8EHLuSF9H+IxNXHPX8QHJ4g==
  dependencies:
    regenerator-runtime "^0.14.0"

"@ctrl/tinycolor@^3.6.1":
  version "3.6.1"
  resolved "https://registry.yarnpkg.com/@ctrl/tinycolor/-/tinycolor-3.6.1.tgz#b6c75a56a1947cc916ea058772d666a2c8932f31"
  integrity sha512-SITSV6aIXsuVNV3f3O0f2n/cgyEDWoSqtZMYiAmcsYHydcKrOz3gUxB/iXd/Qf08+IZX4KpgNbvUdMBmWz+kcA==

"@emotion/hash@^0.8.0":
  version "0.8.0"
  resolved "https://registry.yarnpkg.com/@emotion/hash/-/hash-0.8.0.tgz#bbbff68978fefdbe68ccb533bc8cbe1d1afb5413"
  integrity sha512-kBJtf7PH6aWwZ6fka3zQ0p6SBYzx4fl1LoZXE2RrnYST9Xljm7WfKJrU4g/Xr3Beg72MLrp1AWNUmuYJTL7Cow==

"@emotion/unitless@^0.7.5":
  version "0.7.5"
  resolved "https://registry.yarnpkg.com/@emotion/unitless/-/unitless-0.7.5.tgz#77211291c1900a700b8a78cfafda3160d76949ed"
  integrity sha512-OWORNpfjMsSSUBVrRBVGECkhWcULOAJz9ZW8uK9qgxD+87M7jHRcvh/A96XXNhXTLmKcoYSQtBEX7lHMO7YRwg==

"@rc-component/async-validator@^5.0.3":
  version "5.0.4"
  resolved "https://registry.yarnpkg.com/@rc-component/async-validator/-/async-validator-5.0.4.tgz#5291ad92f00a14b6766fc81735c234277f83e948"
  integrity sha512-qgGdcVIF604M9EqjNF0hbUTz42bz/RDtxWdWuU5EQe3hi7M8ob54B6B35rOsvX5eSvIHIzT9iH1R3n+hk3CGfg==
  dependencies:
    "@babel/runtime" "^7.24.4"

"@rc-component/color-picker@~1.5.3":
  version "1.5.3"
  resolved "https://registry.yarnpkg.com/@rc-component/color-picker/-/color-picker-1.5.3.tgz#f3b0e14bb67ec5ee77d1fd5d261f63dd4fd00449"
  integrity sha512-+tGGH3nLmYXTalVe0L8hSZNs73VTP5ueSHwUlDC77KKRaN7G4DS4wcpG5DTDzdcV/Yas+rzA6UGgIyzd8fS4cw==
  dependencies:
    "@babel/runtime" "^7.23.6"
    "@ctrl/tinycolor" "^3.6.1"
    classnames "^2.2.6"
    rc-util "^5.38.1"

"@rc-component/context@^1.4.0":
  version "1.4.0"
  resolved "https://registry.yarnpkg.com/@rc-component/context/-/context-1.4.0.tgz#dc6fb021d6773546af8f016ae4ce9aea088395e8"
  integrity sha512-kFcNxg9oLRMoL3qki0OMxK+7g5mypjgaaJp/pkOis/6rVxma9nJBF/8kCIuTYHUQNr0ii7MxqE33wirPZLJQ2w==
  dependencies:
    "@babel/runtime" "^7.10.1"
    rc-util "^5.27.0"

"@rc-component/mini-decimal@^1.0.1":
  version "1.1.0"
  resolved "https://registry.yarnpkg.com/@rc-component/mini-decimal/-/mini-decimal-1.1.0.tgz#7b7a362b14a0a54cb5bc6fd2b82731f29f11d9b0"
  integrity sha512-jS4E7T9Li2GuYwI6PyiVXmxTiM6b07rlD9Ge8uGZSCz3WlzcG5ZK7g5bbuKNeZ9pgUuPK/5guV781ujdVpm4HQ==
  dependencies:
    "@babel/runtime" "^7.18.0"

"@rc-component/mutate-observer@^1.1.0":
  version "1.1.0"
  resolved "https://registry.yarnpkg.com/@rc-component/mutate-observer/-/mutate-observer-1.1.0.tgz#ee53cc88b78aade3cd0653609215a44779386fd8"
  integrity sha512-QjrOsDXQusNwGZPf4/qRQasg7UFEj06XiCJ8iuiq/Io7CrHrgVi6Uuetw60WAMG1799v+aM8kyc+1L/GBbHSlw==
  dependencies:
    "@babel/runtime" "^7.18.0"
    classnames "^2.3.2"
    rc-util "^5.24.4"

"@rc-component/portal@^1.0.0-8", "@rc-component/portal@^1.0.0-9", "@rc-component/portal@^1.0.2", "@rc-component/portal@^1.1.0", "@rc-component/portal@^1.1.1":
  version "1.1.2"
  resolved "https://registry.yarnpkg.com/@rc-component/portal/-/portal-1.1.2.tgz#55db1e51d784e034442e9700536faaa6ab63fc71"
  integrity sha512-6f813C0IsasTZms08kfA8kPAGxbbkYToa8ALaiDIGGECU4i9hj8Plgbx0sNJDrey3EtHO30hmdaxtT0138xZcg==
  dependencies:
    "@babel/runtime" "^7.18.0"
    classnames "^2.3.2"
    rc-util "^5.24.4"

"@rc-component/tour@~1.14.2":
  version "1.14.2"
  resolved "https://registry.yarnpkg.com/@rc-component/tour/-/tour-1.14.2.tgz#142f0973975eb0e3af3c75aa868ffc9d8ba27cae"
  integrity sha512-A75DZ8LVvahBIvxooj3Gvf2sxe+CGOkmzPNX7ek0i0AJHyKZ1HXe5ieIGo3m0FMdZfVOlbCJ952Duq8VKAHk6g==
  dependencies:
    "@babel/runtime" "^7.18.0"
    "@rc-component/portal" "^1.0.0-9"
    "@rc-component/trigger" "^2.0.0"
    classnames "^2.3.2"
    rc-util "^5.24.4"

"@rc-component/trigger@^2.0.0", "@rc-component/trigger@^2.1.1":
  version "2.1.1"
  resolved "https://registry.yarnpkg.com/@rc-component/trigger/-/trigger-2.1.1.tgz#47973f1156ba63810c913eb46cbaedeba913874b"
  integrity sha512-UjHkedkgtEcgQu87w1VuWug1idoDJV7VUt0swxHXRcmei2uu1AuUzGBPEUlmOmXGJ+YtTgZfVLi7kuAUKoZTMA==
  dependencies:
    "@babel/runtime" "^7.23.2"
    "@rc-component/portal" "^1.1.0"
    classnames "^2.3.2"
    rc-motion "^2.0.0"
    rc-resize-observer "^1.3.1"
    rc-util "^5.38.0"

antd@^5.17.2:
  version "5.17.2"
  resolved "https://registry.yarnpkg.com/antd/-/antd-5.17.2.tgz#e810d0ee97bb75cc3f3d94a2db3e9fffcd68c708"
  integrity sha512-LVCR4kKWoNwaOEfYuWuXqwrK24W6YY6jlzROB4dTEEFvb2ovPi/5h9GcEB8U7ZJY/Yuvm1ehvRm9vohxVJzC3A==
  dependencies:
    "@ant-design/colors" "^7.0.2"
    "@ant-design/cssinjs" "^1.19.1"
    "@ant-design/icons" "^5.3.7"
    "@ant-design/react-slick" "~1.1.2"
    "@babel/runtime" "^7.24.5"
    "@ctrl/tinycolor" "^3.6.1"
    "@rc-component/color-picker" "~1.5.3"
    "@rc-component/mutate-observer" "^1.1.0"
    "@rc-component/tour" "~1.14.2"
    "@rc-component/trigger" "^2.1.1"
    classnames "^2.5.1"
    copy-to-clipboard "^3.3.3"
    dayjs "^1.11.10"
    qrcode.react "^3.1.0"
    rc-cascader "~3.25.0"
    rc-checkbox "~3.2.0"
    rc-collapse "~3.7.3"
    rc-dialog "~9.4.0"
    rc-drawer "~7.1.0"
    rc-dropdown "~4.2.0"
    rc-field-form "~2.0.1"
    rc-image "~7.6.0"
    rc-input "~1.4.5"
    rc-input-number "~9.0.0"
    rc-mentions "~2.11.1"
    rc-menu "~9.13.0"
    rc-motion "^2.9.0"
    rc-notification "~5.4.0"
    rc-pagination "~4.0.4"
    rc-picker "~4.5.0"
    rc-progress "~4.0.0"
    rc-rate "~2.12.0"
    rc-resize-observer "^1.4.0"
    rc-segmented "~2.3.0"
    rc-select "~14.13.3"
    rc-slider "~10.6.2"
    rc-steps "~6.0.1"
    rc-switch "~4.1.0"
    rc-table "~7.45.5"
    rc-tabs "~15.0.0 "
    rc-textarea "~1.6.3"
    rc-tooltip "~6.2.0"
    rc-tree "~5.8.7"
    rc-tree-select "~5.20.0"
    rc-upload "~4.5.2"
    rc-util "^5.39.3"
    scroll-into-view-if-needed "^3.1.0"
    throttle-debounce "^5.0.0"

array-tree-filter@^2.1.0:
  version "2.1.0"
  resolved "https://registry.yarnpkg.com/array-tree-filter/-/array-tree-filter-2.1.0.tgz#873ac00fec83749f255ac8dd083814b4f6329190"
  integrity sha512-4ROwICNlNw/Hqa9v+rk5h22KjmzB1JGTMVKP2AKJBOCgb0yL0ASf0+YvCcLNNwquOHNX48jkeZIJ3a+oOQqKcw==

classnames@2.x, classnames@^2.2.1, classnames@^2.2.3, classnames@^2.2.5, classnames@^2.2.6, classnames@^2.3.1, classnames@^2.3.2, classnames@^2.5.1:
  version "2.5.1"
  resolved "https://registry.yarnpkg.com/classnames/-/classnames-2.5.1.tgz#ba774c614be0f016da105c858e7159eae8e7687b"
  integrity sha512-saHYOzhIQs6wy2sVxTM6bUDsQO4F50V9RQ22qBpEdCW+I+/Wmke2HOl6lS6dTpdxVhb88/I6+Hs+438c3lfUow==

compute-scroll-into-view@^3.0.2:
  version "3.1.0"
  resolved "https://registry.yarnpkg.com/compute-scroll-into-view/-/compute-scroll-into-view-3.1.0.tgz#753f11d972596558d8fe7c6bcbc8497690ab4c87"
  integrity sha512-rj8l8pD4bJ1nx+dAkMhV1xB5RuZEyVysfxJqB1pRchh1KVvwOv9b7CGB8ZfjTImVv2oF+sYMUkMZq6Na5Ftmbg==

copy-to-clipboard@^3.3.3:
  version "3.3.3"
  resolved "https://registry.yarnpkg.com/copy-to-clipboard/-/copy-to-clipboard-3.3.3.tgz#55ac43a1db8ae639a4bd99511c148cdd1b83a1b0"
  integrity sha512-2KV8NhB5JqC3ky0r9PMCAZKbUHSwtEo4CwCs0KXgruG43gX5PMqDEBbVU4OUzw2MuAWUfsuFmWvEKG5QRfSnJA==
  dependencies:
    toggle-selection "^1.0.6"

csstype@^3.1.3:
  version "3.1.3"
  resolved "https://registry.yarnpkg.com/csstype/-/csstype-3.1.3.tgz#d80ff294d114fb0e6ac500fbf85b60137d7eff81"
  integrity sha512-M1uQkMl8rQK/szD0LNhtqxIPLpimGm8sOBwU7lLnCpSbTyY3yeU1Vc7l4KT5zT4s/yOxHH5O7tIuuLOCnLADRw==

dayjs@^1.11.10:
  version "1.11.11"
  resolved "https://registry.yarnpkg.com/dayjs/-/dayjs-1.11.11.tgz#dfe0e9d54c5f8b68ccf8ca5f72ac603e7e5ed59e"
  integrity sha512-okzr3f11N6WuqYtZSvm+F776mB41wRZMhKP+hc34YdW+KmtYYK9iqvHSwo2k9FEH3fhGXvOPV6yz2IcSrfRUDg==

json2mq@^0.2.0:
  version "0.2.0"
  resolved "https://registry.yarnpkg.com/json2mq/-/json2mq-0.2.0.tgz#b637bd3ba9eabe122c83e9720483aeb10d2c904a"
  integrity sha512-SzoRg7ux5DWTII9J2qkrZrqV1gt+rTaoufMxEzXbS26Uid0NwaJd123HcoB80TgubEppxxIGdNxCx50fEoEWQA==
  dependencies:
    string-convert "^0.2.0"

qrcode.react@^3.1.0:
  version "3.1.0"
  resolved "https://registry.yarnpkg.com/qrcode.react/-/qrcode.react-3.1.0.tgz#5c91ddc0340f768316fbdb8fff2765134c2aecd8"
  integrity sha512-oyF+Urr3oAMUG/OiOuONL3HXM+53wvuH3mtIWQrYmsXoAq0DkvZp2RYUWFSMFtbdOpuS++9v+WAkzNVkMlNW6Q==

rc-cascader@~3.25.0:
  version "3.25.0"
  resolved "https://registry.yarnpkg.com/rc-cascader/-/rc-cascader-3.25.0.tgz#0967b75f2ea0d5bed41dce4505c3531ec7bb949d"
  integrity sha512-mBY6/CykOvzAYnIye0rpt5JkMAXJaX8zZawOwSndbKuFakYE+leqBQWIZoN9HIgAptPpTi2Aty3RvbaBmk8SKQ==
  dependencies:
    "@babel/runtime" "^7.12.5"
    array-tree-filter "^2.1.0"
    classnames "^2.3.1"
    rc-select "~14.13.0"
    rc-tree "~5.8.1"
    rc-util "^5.37.0"

rc-checkbox@~3.2.0:
  version "3.2.0"
  resolved "https://registry.yarnpkg.com/rc-checkbox/-/rc-checkbox-3.2.0.tgz#04f83b7f2bf63eaf0e2da25e947b88a0a6321b5a"
  integrity sha512-8inzw4y9dAhZmv/Ydl59Qdy5tdp9CKg4oPVcRigi+ga/yKPZS5m5SyyQPtYSgbcqHRYOdUhiPSeKfktc76du1A==
  dependencies:
    "@babel/runtime" "^7.10.1"
    classnames "^2.3.2"
    rc-util "^5.25.2"

rc-collapse@~3.7.3:
  version "3.7.3"
  resolved "https://registry.yarnpkg.com/rc-collapse/-/rc-collapse-3.7.3.tgz#68161683d8fd1004bef4eb281fc106f3c8dc16eb"
  integrity sha512-60FJcdTRn0X5sELF18TANwtVi7FtModq649H11mYF1jh83DniMoM4MqY627sEKRCTm4+WXfGDcB7hY5oW6xhyw==
  dependencies:
    "@babel/runtime" "^7.10.1"
    classnames "2.x"
    rc-motion "^2.3.4"
    rc-util "^5.27.0"

rc-dialog@~9.4.0:
  version "9.4.0"
  resolved "https://registry.yarnpkg.com/rc-dialog/-/rc-dialog-9.4.0.tgz#194c107d34cb36a56f1db4a49dc73f6d59eeae85"
  integrity sha512-AScCexaLACvf8KZRqCPz12BJ8olszXOS4lKlkMyzDQHS1m0zj1KZMYgmMCh39ee0Dcv8kyrj8mTqxuLyhH+QuQ==
  dependencies:
    "@babel/runtime" "^7.10.1"
    "@rc-component/portal" "^1.0.0-8"
    classnames "^2.2.6"
    rc-motion "^2.3.0"
    rc-util "^5.21.0"

rc-drawer@~7.1.0:
  version "7.1.0"
  resolved "https://registry.yarnpkg.com/rc-drawer/-/rc-drawer-7.1.0.tgz#2beabb8bab1784aea255d0d850bc206c3dc715da"
  integrity sha512-nBE1rF5iZvpavoyqhSSz2mk/yANltA7g3aF0U45xkx381n3we/RKs9cJfNKp9mSWCedOKWt9FLEwZDaAaOGn2w==
  dependencies:
    "@babel/runtime" "^7.23.9"
    "@rc-component/portal" "^1.1.1"
    classnames "^2.2.6"
    rc-motion "^2.6.1"
    rc-util "^5.38.1"

rc-dropdown@~4.2.0:
  version "4.2.0"
  resolved "https://registry.yarnpkg.com/rc-dropdown/-/rc-dropdown-4.2.0.tgz#c6052fcfe9c701487b141e411cdc277dc7c6f061"
  integrity sha512-odM8Ove+gSh0zU27DUj5cG1gNKg7mLWBYzB5E4nNLrLwBmYEgYP43vHKDGOVZcJSVElQBI0+jTQgjnq0NfLjng==
  dependencies:
    "@babel/runtime" "^7.18.3"
    "@rc-component/trigger" "^2.0.0"
    classnames "^2.2.6"
    rc-util "^5.17.0"

rc-field-form@~2.0.1:
  version "2.0.1"
  resolved "https://registry.yarnpkg.com/rc-field-form/-/rc-field-form-2.0.1.tgz#97dc352f3899e9617f2abfd0c09bf0fcd17409e2"
  integrity sha512-3WK/POHBcfMFKrzScrkmgMIXqoVQ0KgVwcVnej/ukwuQG4ZHCJaTi2KhM+tWTK4WODBXbmjKg5pKHj2IVmSg4A==
  dependencies:
    "@babel/runtime" "^7.18.0"
    "@rc-component/async-validator" "^5.0.3"
    rc-util "^5.32.2"

rc-image@~7.6.0:
  version "7.6.0"
  resolved "https://registry.yarnpkg.com/rc-image/-/rc-image-7.6.0.tgz#2867087b77c8595ea9eb37d18ca863e47904b191"
  integrity sha512-tL3Rvd1sS+frZQ01i+tkeUPaOeFz2iG9/scAt/Cfs0hyCRVA/w0Pu1J/JxIX8blalvmHE0bZQRYdOmRAzWu4Hg==
  dependencies:
    "@babel/runtime" "^7.11.2"
    "@rc-component/portal" "^1.0.2"
    classnames "^2.2.6"
    rc-dialog "~9.4.0"
    rc-motion "^2.6.2"
    rc-util "^5.34.1"

rc-input-number@~9.0.0:
  version "9.0.0"
  resolved "https://registry.yarnpkg.com/rc-input-number/-/rc-input-number-9.0.0.tgz#47da6eaf95b0cf566fcdf68196c4dc82b8c8f166"
  integrity sha512-RfcDBDdWFFetouWFXBA+WPEC8LzBXyngr9b+yTLVIygfFu7HiLRGn/s/v9wwno94X7KFvnb28FNynMGj9XJlDQ==
  dependencies:
    "@babel/runtime" "^7.10.1"
    "@rc-component/mini-decimal" "^1.0.1"
    classnames "^2.2.5"
    rc-input "~1.4.0"
    rc-util "^5.28.0"

rc-input@~1.4.0, rc-input@~1.4.5:
  version "1.4.5"
  resolved "https://registry.yarnpkg.com/rc-input/-/rc-input-1.4.5.tgz#1f2f13fb1adb15fce5936aebcfab354f41b4f348"
  integrity sha512-AjzykhwnwYTRSwwgCu70CGKBIAv6bP2nqnFptnNTprph/TF1BAs0Qxl91mie/BR6n827WIJB6ZjaRf9iiMwAfw==
  dependencies:
    "@babel/runtime" "^7.11.1"
    classnames "^2.2.1"
    rc-util "^5.18.1"

rc-mentions@~2.11.1:
  version "2.11.1"
  resolved "https://registry.yarnpkg.com/rc-mentions/-/rc-mentions-2.11.1.tgz#3e742d4b558965701021cff75b84af6cd4744ed3"
  integrity sha512-upb4AK1SRFql7qGnbLEvJqLMugVVIyjmwBJW9L0eLoN9po4JmJZaBzmKA4089fNtsU8k6l/tdZiVafyooeKnLw==
  dependencies:
    "@babel/runtime" "^7.22.5"
    "@rc-component/trigger" "^2.0.0"
    classnames "^2.2.6"
    rc-input "~1.4.0"
    rc-menu "~9.13.0"
    rc-textarea "~1.6.1"
    rc-util "^5.34.1"

rc-menu@~9.13.0:
  version "9.13.0"
  resolved "https://registry.yarnpkg.com/rc-menu/-/rc-menu-9.13.0.tgz#55426531af5fd0a2a0e0a50020cbd002b231edf9"
  integrity sha512-1l8ooCB3HcYJKCltC/s7OxRKRjgymdl9htrCeGZcXNaMct0RxZRK6OPV3lPhVksIvAGMgzPd54ClpZ5J4b8cZA==
  dependencies:
    "@babel/runtime" "^7.10.1"
    "@rc-component/trigger" "^2.0.0"
    classnames "2.x"
    rc-motion "^2.4.3"
    rc-overflow "^1.3.1"
    rc-util "^5.27.0"

rc-motion@^2.0.0, rc-motion@^2.0.1, rc-motion@^2.3.0, rc-motion@^2.3.4, rc-motion@^2.4.3, rc-motion@^2.4.4, rc-motion@^2.6.1, rc-motion@^2.6.2, rc-motion@^2.9.0:
  version "2.9.1"
  resolved "https://registry.yarnpkg.com/rc-motion/-/rc-motion-2.9.1.tgz#5b405437f9f673ed1a59b6b797c2227c2d6b3d91"
  integrity sha512-QD4bUqByjVQs7PhUT1d4bNxvtTcK9ETwtg7psbDfo6TmYalH/1hhjj4r2hbhW7g5OOEqYHhfwfj4noIvuOVRtQ==
  dependencies:
    "@babel/runtime" "^7.11.1"
    classnames "^2.2.1"
    rc-util "^5.39.3"

rc-notification@~5.4.0:
  version "5.4.0"
  resolved "https://registry.yarnpkg.com/rc-notification/-/rc-notification-5.4.0.tgz#c5ea20bfe4ed2dbacc7ef945777626c050945db8"
  integrity sha512-li19y9RoYJciF3WRFvD+DvWS70jdL8Fr+Gfb/OshK+iY6iTkwzoigmSIp76/kWh5tF5i/i9im12X3nsF85GYdA==
  dependencies:
    "@babel/runtime" "^7.10.1"
    classnames "2.x"
    rc-motion "^2.9.0"
    rc-util "^5.20.1"

rc-overflow@^1.3.1, rc-overflow@^1.3.2:
  version "1.3.2"
  resolved "https://registry.yarnpkg.com/rc-overflow/-/rc-overflow-1.3.2.tgz#72ee49e85a1308d8d4e3bd53285dc1f3e0bcce2c"
  integrity sha512-nsUm78jkYAoPygDAcGZeC2VwIg/IBGSodtOY3pMof4W3M9qRJgqaDYm03ZayHlde3I6ipliAxbN0RUcGf5KOzw==
  dependencies:
    "@babel/runtime" "^7.11.1"
    classnames "^2.2.1"
    rc-resize-observer "^1.0.0"
    rc-util "^5.37.0"

rc-pagination@~4.0.4:
  version "4.0.4"
  resolved "https://registry.yarnpkg.com/rc-pagination/-/rc-pagination-4.0.4.tgz#ea401388ae86eac17ed5b41212d487f12b65b773"
  integrity sha512-GGrLT4NgG6wgJpT/hHIpL9nELv27A1XbSZzECIuQBQTVSf4xGKxWr6I/jhpRPauYEWEbWVw22ObG6tJQqwJqWQ==
  dependencies:
    "@babel/runtime" "^7.10.1"
    classnames "^2.3.2"
    rc-util "^5.38.0"

rc-picker@~4.5.0:
  version "4.5.0"
  resolved "https://registry.yarnpkg.com/rc-picker/-/rc-picker-4.5.0.tgz#ae7a028ed6184e0ef40a2c8aaeb9d5dbef89d4b8"
  integrity sha512-suqz9bzuhBQlf7u+bZd1bJLPzhXpk12w6AjQ9BTPTiFwexVZgUKViG1KNLyfFvW6tCUZZK0HmCCX7JAyM+JnCg==
  dependencies:
    "@babel/runtime" "^7.10.1"
    "@rc-component/trigger" "^2.0.0"
    classnames "^2.2.1"
    rc-overflow "^1.3.2"
    rc-resize-observer "^1.4.0"
    rc-util "^5.38.1"

rc-progress@~4.0.0:
  version "4.0.0"
  resolved "https://registry.yarnpkg.com/rc-progress/-/rc-progress-4.0.0.tgz#5382147d9add33d3a5fbd264001373df6440e126"
  integrity sha512-oofVMMafOCokIUIBnZLNcOZFsABaUw8PPrf1/y0ZBvKZNpOiu5h4AO9vv11Sw0p4Hb3D0yGWuEattcQGtNJ/aw==
  dependencies:
    "@babel/runtime" "^7.10.1"
    classnames "^2.2.6"
    rc-util "^5.16.1"

rc-rate@~2.12.0:
  version "2.12.0"
  resolved "https://registry.yarnpkg.com/rc-rate/-/rc-rate-2.12.0.tgz#0182deffed3b009cdcc61660da8746c39ed91ed5"
  integrity sha512-g092v5iZCdVzbjdn28FzvWebK2IutoVoiTeqoLTj9WM7SjA/gOJIw5/JFZMRyJYYVe1jLAU2UhAfstIpCNRozg==
  dependencies:
    "@babel/runtime" "^7.10.1"
    classnames "^2.2.5"
    rc-util "^5.0.1"

rc-resize-observer@^1.0.0, rc-resize-observer@^1.1.0, rc-resize-observer@^1.3.1, rc-resize-observer@^1.4.0:
  version "1.4.0"
  resolved "https://registry.yarnpkg.com/rc-resize-observer/-/rc-resize-observer-1.4.0.tgz#7bba61e6b3c604834980647cce6451914750d0cc"
  integrity sha512-PnMVyRid9JLxFavTjeDXEXo65HCRqbmLBw9xX9gfC4BZiSzbLXKzW3jPz+J0P71pLbD5tBMTT+mkstV5gD0c9Q==
  dependencies:
    "@babel/runtime" "^7.20.7"
    classnames "^2.2.1"
    rc-util "^5.38.0"
    resize-observer-polyfill "^1.5.1"

rc-segmented@~2.3.0:
  version "2.3.0"
  resolved "https://registry.yarnpkg.com/rc-segmented/-/rc-segmented-2.3.0.tgz#b3fe080fb434a266c02e30bb62a47d2c6e094341"
  integrity sha512-I3FtM5Smua/ESXutFfb8gJ8ZPcvFR+qUgeeGFQHBOvRiRKyAk4aBE5nfqrxXx+h8/vn60DQjOt6i4RNtrbOobg==
  dependencies:
    "@babel/runtime" "^7.11.1"
    classnames "^2.2.1"
    rc-motion "^2.4.4"
    rc-util "^5.17.0"

rc-select@~14.13.0, rc-select@~14.13.3:
  version "14.13.4"
  resolved "https://registry.yarnpkg.com/rc-select/-/rc-select-14.13.4.tgz#b9fcc54c125bef968cf4428d6f7d7b4483f2e87d"
  integrity sha512-nXFsS53RxCP6ePeKhOj3gvgdNpTqdQnNKhipGrV/z+pB3Md5heGfV72YX5Wfb1A7Ca1QkbVTPFLJh+A8WYFOSA==
  dependencies:
    "@babel/runtime" "^7.10.1"
    "@rc-component/trigger" "^2.1.1"
    classnames "2.x"
    rc-motion "^2.0.1"
    rc-overflow "^1.3.1"
    rc-util "^5.16.1"
    rc-virtual-list "^3.5.2"

rc-slider@~10.6.2:
  version "10.6.2"
  resolved "https://registry.yarnpkg.com/rc-slider/-/rc-slider-10.6.2.tgz#8bd3b63b24f2f3682ea1bf86d021073189cf33eb"
  integrity sha512-FjkoFjyvUQWcBo1F3RgSglky3ar0+qHLM41PlFVYB4Bj3RD8E/Mv7kqMouLFBU+3aFglMzzctAIWRwajEuueSw==
  dependencies:
    "@babel/runtime" "^7.10.1"
    classnames "^2.2.5"
    rc-util "^5.36.0"

rc-steps@~6.0.1:
  version "6.0.1"
  resolved "https://registry.yarnpkg.com/rc-steps/-/rc-steps-6.0.1.tgz#c2136cd0087733f6d509209a84a5c80dc29a274d"
  integrity sha512-lKHL+Sny0SeHkQKKDJlAjV5oZ8DwCdS2hFhAkIjuQt1/pB81M0cA0ErVFdHq9+jmPmFw1vJB2F5NBzFXLJxV+g==
  dependencies:
    "@babel/runtime" "^7.16.7"
    classnames "^2.2.3"
    rc-util "^5.16.1"

rc-switch@~4.1.0:
  version "4.1.0"
  resolved "https://registry.yarnpkg.com/rc-switch/-/rc-switch-4.1.0.tgz#f37d81b4e0c5afd1274fd85367b17306bf25e7d7"
  integrity sha512-TI8ufP2Az9oEbvyCeVE4+90PDSljGyuwix3fV58p7HV2o4wBnVToEyomJRVyTaZeqNPAp+vqeo4Wnj5u0ZZQBg==
  dependencies:
    "@babel/runtime" "^7.21.0"
    classnames "^2.2.1"
    rc-util "^5.30.0"

rc-table@~7.45.5:
  version "7.45.6"
  resolved "https://registry.yarnpkg.com/rc-table/-/rc-table-7.45.6.tgz#53286fc08cd18f0be704de76fdbf19d1de7749da"
  integrity sha512-FYsTya3RQzLYct+o3fqHIZQIwrmsvrvhTg/I6hzlJZ1XoVAGoTmgkN1mMilVlYgksZTey9BCNYh94c6yhdjTXQ==
  dependencies:
    "@babel/runtime" "^7.10.1"
    "@rc-component/context" "^1.4.0"
    classnames "^2.2.5"
    rc-resize-observer "^1.1.0"
    rc-util "^5.37.0"
    rc-virtual-list "^3.11.1"

"rc-tabs@~15.0.0 ":
  version "15.0.0"
  resolved "https://registry.yarnpkg.com/rc-tabs/-/rc-tabs-15.0.0.tgz#6d46f2ed7587a6d72f2c8e7ce371e7d4e0f4ef4a"
  integrity sha512-7m541VcEiJSpHZmosMZNMIhemxtIN+f0WDhZNyXQ1/cZ40aaWsknlbj0FH6HryLoKEQvBnCI89hgQuT7MBSOBA==
  dependencies:
    "@babel/runtime" "^7.11.2"
    classnames "2.x"
    rc-dropdown "~4.2.0"
    rc-menu "~9.13.0"
    rc-motion "^2.6.2"
    rc-resize-observer "^1.0.0"
    rc-util "^5.34.1"

rc-textarea@~1.6.1, rc-textarea@~1.6.3:
  version "1.6.3"
  resolved "https://registry.yarnpkg.com/rc-textarea/-/rc-textarea-1.6.3.tgz#3f294fdf5dfadbe9d0e7b695cea4da557728a9be"
  integrity sha512-8k7+8Y2GJ/cQLiClFMg8kUXOOdvcFQrnGeSchOvI2ZMIVvX5a3zQpLxoODL0HTrvU63fPkRmMuqaEcOF9dQemA==
  dependencies:
    "@babel/runtime" "^7.10.1"
    classnames "^2.2.1"
    rc-input "~1.4.0"
    rc-resize-observer "^1.0.0"
    rc-util "^5.27.0"

rc-tooltip@~6.2.0:
  version "6.2.0"
  resolved "https://registry.yarnpkg.com/rc-tooltip/-/rc-tooltip-6.2.0.tgz#4dd7575674137a5b14f118a5c16435d3f5e4a9c9"
  integrity sha512-iS/3iOAvtDh9GIx1ulY7EFUXUtktFccNLsARo3NPgLf0QW9oT0w3dA9cYWlhqAKmD+uriEwdWz1kH0Qs4zk2Aw==
  dependencies:
    "@babel/runtime" "^7.11.2"
    "@rc-component/trigger" "^2.0.0"
    classnames "^2.3.1"

rc-tree-select@~5.20.0:
  version "5.20.0"
  resolved "https://registry.yarnpkg.com/rc-tree-select/-/rc-tree-select-5.20.0.tgz#b8f9f5ea08c673c77131a514e1f7d2b2e516449d"
  integrity sha512-zFtkHx5/6PnXSi3oSbBSFbIPiJJQdpSU3qz/joLe75URgvxmTHi989O8MtMgpwyZwrCMOJpGi6L1uy+13uzZPw==
  dependencies:
    "@babel/runtime" "^7.10.1"
    classnames "2.x"
    rc-select "~14.13.0"
    rc-tree "~5.8.1"
    rc-util "^5.16.1"

rc-tree@~5.8.1, rc-tree@~5.8.7:
  version "5.8.7"
  resolved "https://registry.yarnpkg.com/rc-tree/-/rc-tree-5.8.7.tgz#79fe560eca8a998a5cd866cdf374ffc3643754f1"
  integrity sha512-cpsIQZ4nNYwpj6cqPRt52e/69URuNdgQF9wZ10InmEf8W3+i0A41OVmZWwHuX9gegQSqj+DPmaDkZFKQZ+ZV1w==
  dependencies:
    "@babel/runtime" "^7.10.1"
    classnames "2.x"
    rc-motion "^2.0.1"
    rc-util "^5.16.1"
    rc-virtual-list "^3.5.1"

rc-upload@~4.5.2:
  version "4.5.2"
  resolved "https://registry.yarnpkg.com/rc-upload/-/rc-upload-4.5.2.tgz#ea493fbaaf57d9369ee954b20e1d8bc35c818a1a"
  integrity sha512-QO3ne77DwnAPKFn0bA5qJM81QBjQi0e0NHdkvpFyY73Bea2NfITiotqJqVjHgeYPOJu5lLVR32TNGP084aSoXA==
  dependencies:
    "@babel/runtime" "^7.18.3"
    classnames "^2.2.5"
    rc-util "^5.2.0"

rc-util@^5.0.1, rc-util@^5.16.1, rc-util@^5.17.0, rc-util@^5.18.1, rc-util@^5.2.0, rc-util@^5.20.1, rc-util@^5.21.0, rc-util@^5.24.4, rc-util@^5.25.2, rc-util@^5.27.0, rc-util@^5.28.0, rc-util@^5.30.0, rc-util@^5.31.1, rc-util@^5.32.2, rc-util@^5.34.1, rc-util@^5.35.0, rc-util@^5.36.0, rc-util@^5.37.0, rc-util@^5.38.0, rc-util@^5.38.1, rc-util@^5.39.3:
  version "5.40.1"
  resolved "https://registry.yarnpkg.com/rc-util/-/rc-util-5.40.1.tgz#2266f7c652fb393f43926890753e18efe7e976a4"
  integrity sha512-wsYjO59DpyyZdMe1yCSqHiHU8sWjkP1wIfj2mR0aHaNmFFgw727kkOFY7FBukg4rXhIw131549SLxQXQoIB73A==
  dependencies:
    "@babel/runtime" "^7.18.3"
    react-is "^18.2.0"

rc-virtual-list@^3.11.1, rc-virtual-list@^3.5.1, rc-virtual-list@^3.5.2:
  version "3.12.0"
  resolved "https://registry.yarnpkg.com/rc-virtual-list/-/rc-virtual-list-3.12.0.tgz#f2b3c63fdadfc4c7fc10208f5af622c3a5baf314"
  integrity sha512-43+/lr7bImpvEwTFw1FTYwSg42VHzRgO5PiCEEUROj8D2+M2SCvANqGIa9QyhoFLVQtc+2QXvgTB7VPGG7oOoQ==
  dependencies:
    "@babel/runtime" "^7.20.0"
    classnames "^2.2.6"
    rc-resize-observer "^1.0.0"
    rc-util "^5.36.0"

react-is@^18.2.0:
  version "18.3.1"
  resolved "https://registry.yarnpkg.com/react-is/-/react-is-18.3.1.tgz#e83557dc12eae63a99e003a46388b1dcbb44db7e"
  integrity sha512-/LLMVyas0ljjAtoYiPqYiL8VWXzUUdThrmU5+n20DZv+a+ClRoevUzw5JxU+Ieh5/c87ytoTBV9G1FiKfNJdmg==

regenerator-runtime@^0.14.0:
  version "0.14.1"
  resolved "https://registry.yarnpkg.com/regenerator-runtime/-/regenerator-runtime-0.14.1.tgz#356ade10263f685dda125100cd862c1db895327f"
  integrity sha512-dYnhHh0nJoMfnkZs6GmmhFknAGRrLznOu5nc9ML+EJxGvrx6H7teuevqVqCuPcPK//3eDrrjQhehXVx9cnkGdw==

resize-observer-polyfill@^1.5.1:
  version "1.5.1"
  resolved "https://registry.yarnpkg.com/resize-observer-polyfill/-/resize-observer-polyfill-1.5.1.tgz#0e9020dd3d21024458d4ebd27e23e40269810464"
  integrity sha512-LwZrotdHOo12nQuZlHEmtuXdqGoOD0OhaxopaNFxWzInpEgaLWoVuAMbTzixuosCx2nEG58ngzW3vxdWoxIgdg==

scroll-into-view-if-needed@^3.1.0:
  version "3.1.0"
  resolved "https://registry.yarnpkg.com/scroll-into-view-if-needed/-/scroll-into-view-if-needed-3.1.0.tgz#fa9524518c799b45a2ef6bbffb92bcad0296d01f"
  integrity sha512-49oNpRjWRvnU8NyGVmUaYG4jtTkNonFZI86MmGRDqBphEK2EXT9gdEUoQPZhuBM8yWHxCWbobltqYO5M4XrUvQ==
  dependencies:
    compute-scroll-into-view "^3.0.2"

string-convert@^0.2.0:
  version "0.2.1"
  resolved "https://registry.yarnpkg.com/string-convert/-/string-convert-0.2.1.tgz#6982cc3049fbb4cd85f8b24568b9d9bf39eeff97"
  integrity sha512-u/1tdPl4yQnPBjnVrmdLo9gtuLvELKsAoRapekWggdiQNvvvum+jYF329d84NAa660KQw7pB2n36KrIKVoXa3A==

stylis@^4.0.13:
  version "4.3.2"
  resolved "https://registry.yarnpkg.com/stylis/-/stylis-4.3.2.tgz#8f76b70777dd53eb669c6f58c997bf0a9972e444"
  integrity sha512-bhtUjWd/z6ltJiQwg0dUfxEJ+W+jdqQd8TbWLWyeIJHlnsqmGLRFFd8e5mA0AZi/zx90smXRlN66YMTcaSFifg==

throttle-debounce@^5.0.0:
  version "5.0.0"
  resolved "https://registry.yarnpkg.com/throttle-debounce/-/throttle-debounce-5.0.0.tgz#a17a4039e82a2ed38a5e7268e4132d6960d41933"
  integrity sha512-2iQTSgkkc1Zyk0MeVrt/3BvuOXYPl/R8Z0U2xxo9rjwNciaHDG3R+Lm6dh4EeUci49DanvBnuqI6jshoQQRGEg==

toggle-selection@^1.0.6:
  version "1.0.6"
  resolved "https://registry.yarnpkg.com/toggle-selection/-/toggle-selection-1.0.6.tgz#6e45b1263f2017fa0acc7d89d78b15b8bf77da32"
  integrity sha512-BiZS+C1OS8g/q2RRbJmy59xpyghNBqrr6k5L/uKBGRsTfxmu3ffiRnd8mlGPUVayg8pvfi5urfnu8TU7DVOkLQ==
